
Microsoft Visual Studio Solution File, Format Version 11.00
# Visual Studio 2010
Project("{FAE04EC0-301F-11D3-BF4B-00C04F79EFBC}") = "Unity.XR.Interaction.Toolkit.Samples.StarterAssets", "Unity.XR.Interaction.Toolkit.Samples.StarterAssets.csproj", "{0478b96a-d16d-fa00-c805-ec6d59714179}"
EndProject
Project("{FAE04EC0-301F-11D3-BF4B-00C04F79EFBC}") = "Assembly-CSharp", "Assembly-CSharp.csproj", "{a31a19b1-5b35-7970-9ca8-238a9bebc45c}"
EndProject
Global
	GlobalSection(SolutionConfigurationPlatforms) = preSolution
		Debug|Any CPU = Debug|Any CPU
	EndGlobalSection
	GlobalSection(ProjectConfigurationPlatforms) = postSolution
		{0478b96a-d16d-fa00-c805-ec6d59714179}.Debug|Any CPU.ActiveCfg = Debug|Any CPU
		{0478b96a-d16d-fa00-c805-ec6d59714179}.Debug|Any CPU.Build.0 = Debug|Any CPU
		{a31a19b1-5b35-7970-9ca8-238a9bebc45c}.Debug|Any CPU.ActiveCfg = Debug|Any CPU
		{a31a19b1-5b35-7970-9ca8-238a9bebc45c}.Debug|Any CPU.Build.0 = Debug|Any CPU
	EndGlobalSection
	GlobalSection(SolutionProperties) = preSolution
		HideSolutionNode = FALSE
	EndGlobalSection
EndGlobal
